// !$*UTF8*$!
{
	archiveVersion = 1;
	classes = {
	};
	objectVersion = 50;
	objects = {

/* Begin PBXBuildFile section */
		3226566920D474B3003F79E2 /* CoreGraphics.framework in Frameworks */ = {isa = PBXBuildFile; fileRef = 3226566820D474B3003F79E2 /* CoreGraphics.framework */; };
		326BD417210B56AC001902BF /* MetalRendererHelper.mm in Sources */ = {isa = PBXBuildFile; fileRef = 326BD416210B56AC001902BF /* MetalRendererHelper.mm */; };
		326BD419210B647E001902BF /* CommonShaders.metal in Sources */ = {isa = PBXBuildFile; fileRef = 326BD418210B647E001902BF /* CommonShaders.metal */; };
		326BD41D210E760E001902BF /* CommonData.cpp in Sources */ = {isa = PBXBuildFile; fileRef = 326BD41C210E760E001902BF /* CommonData.cpp */; };
		326BD42021112BE3001902BF /* imgui_impl_metal.mm in Sources */ = {isa = PBXBuildFile; fileRef = 326BD41E21112BE3001902BF /* imgui_impl_metal.mm */; };
		326BD42321134677001902BF /* GLRenderHelper.cpp in Sources */ = {isa = PBXBuildFile; fileRef = 326BD42121134677001902BF /* GLRenderHelper.cpp */; };
		3274CA0621067B540069A49B /* libSDL2.a in Frameworks */ = {isa = PBXBuildFile; fileRef = 3274CA0521067B540069A49B /* libSDL2.a */; };
		328C1D2B20F960E8003A480D /* libboost_filesystem-mt.dylib in Frameworks */ = {isa = PBXBuildFile; fileRef = 328C1D2A20F960E7003A480D /* libboost_filesystem-mt.dylib */; };
		328C1D2D20F96113003A480D /* libboost_system-mt.dylib in Frameworks */ = {isa = PBXBuildFile; fileRef = 328C1D2C20F96113003A480D /* libboost_system-mt.dylib */; };
		329FE14220CC9A89000BD9BA /* AppDelegate.mm in Sources */ = {isa = PBXBuildFile; fileRef = 329FE14120CC9A89000BD9BA /* AppDelegate.mm */; };
		329FE14420CC9A8B000BD9BA /* Assets.xcassets in Resources */ = {isa = PBXBuildFile; fileRef = 329FE14320CC9A8B000BD9BA /* Assets.xcassets */; };
		329FE14720CC9A8B000BD9BA /* MainMenu.xib in Resources */ = {isa = PBXBuildFile; fileRef = 329FE14520CC9A8B000BD9BA /* MainMenu.xib */; };
		329FE14A20CC9A8B000BD9BA /* main.cpp in Sources */ = {isa = PBXBuildFile; fileRef = 329FE14920CC9A8B000BD9BA /* main.cpp */; };
		329FE15520CC9C41000BD9BA /* CoreAudio.framework in Frameworks */ = {isa = PBXBuildFile; fileRef = 329FE15420CC9C41000BD9BA /* CoreAudio.framework */; };
		329FE15720CC9C47000BD9BA /* OpenGL.framework in Frameworks */ = {isa = PBXBuildFile; fileRef = 329FE15620CC9C47000BD9BA /* OpenGL.framework */; };
		329FE15B20CC9C90000BD9BA /* QuartzCore.framework in Frameworks */ = {isa = PBXBuildFile; fileRef = 329FE15A20CC9C90000BD9BA /* QuartzCore.framework */; };
		329FE15D20CC9C95000BD9BA /* Metal.framework in Frameworks */ = {isa = PBXBuildFile; fileRef = 329FE15C20CC9C95000BD9BA /* Metal.framework */; };
		329FE16120CC9CA6000BD9BA /* ForceFeedback.framework in Frameworks */ = {isa = PBXBuildFile; fileRef = 329FE16020CC9CA6000BD9BA /* ForceFeedback.framework */; };
		329FE16320CC9CB9000BD9BA /* AudioToolbox.framework in Frameworks */ = {isa = PBXBuildFile; fileRef = 329FE16220CC9CB9000BD9BA /* AudioToolbox.framework */; };
		329FE16420CC9CD5000BD9BA /* Carbon.framework in Frameworks */ = {isa = PBXBuildFile; fileRef = 329FE15E20CC9C9D000BD9BA /* Carbon.framework */; };
		32BF6D7E20F9060800B337B0 /* imgui_impl_sdl.cpp in Sources */ = {isa = PBXBuildFile; fileRef = 32BF6D7520F9060800B337B0 /* imgui_impl_sdl.cpp */; };
		32BF6D7F20F9060800B337B0 /* imgui_draw.cpp in Sources */ = {isa = PBXBuildFile; fileRef = 32BF6D7C20F9060800B337B0 /* imgui_draw.cpp */; };
		32BF6D8020F9060800B337B0 /* imgui.cpp in Sources */ = {isa = PBXBuildFile; fileRef = 32BF6D7D20F9060800B337B0 /* imgui.cpp */; };
		32BF6D8320F9075C00B337B0 /* imgui_impl_opengl3.cpp in Sources */ = {isa = PBXBuildFile; fileRef = 32BF6D8120F9075B00B337B0 /* imgui_impl_opengl3.cpp */; };
		32C7820B20D5473800FB6496 /* IOKit.framework in Frameworks */ = {isa = PBXBuildFile; fileRef = 32C7820A20D5473800FB6496 /* IOKit.framework */; };
		32C7820D20D5474900FB6496 /* Cocoa.framework in Frameworks */ = {isa = PBXBuildFile; fileRef = 32C7820C20D5474900FB6496 /* Cocoa.framework */; };
		32C7821620D548C500FB6496 /* float_util.cpp in Sources */ = {isa = PBXBuildFile; fileRef = 32C7820E20D548C500FB6496 /* float_util.cpp */; };
		32C7821720D548C500FB6496 /* vec4.cpp in Sources */ = {isa = PBXBuildFile; fileRef = 32C7820F20D548C500FB6496 /* vec4.cpp */; };
		32C7821820D548C500FB6496 /* mat4.cpp in Sources */ = {isa = PBXBuildFile; fileRef = 32C7821020D548C500FB6496 /* mat4.cpp */; };
		32C7821920D548C500FB6496 /* vec3.cpp in Sources */ = {isa = PBXBuildFile; fileRef = 32C7821120D548C500FB6496 /* vec3.cpp */; };
		32C7821A20D548C500FB6496 /* vec2.cpp in Sources */ = {isa = PBXBuildFile; fileRef = 32C7821220D548C500FB6496 /* vec2.cpp */; };
		32C7821B20D548C500FB6496 /* intersect_util.cpp in Sources */ = {isa = PBXBuildFile; fileRef = 32C7821320D548C500FB6496 /* intersect_util.cpp */; };
		32C7821C20D548C500FB6496 /* quat.cpp in Sources */ = {isa = PBXBuildFile; fileRef = 32C7821420D548C500FB6496 /* quat.cpp */; };
		32C7821D20D548C500FB6496 /* runtime_checks.cpp in Sources */ = {isa = PBXBuildFile; fileRef = 32C7821520D548C500FB6496 /* runtime_checks.cpp */; };
		32C7821F20D548CC00FB6496 /* gl3w.c in Sources */ = {isa = PBXBuildFile; fileRef = 32C7821E20D548CC00FB6496 /* gl3w.c */; };
/* End PBXBuildFile section */

/* Begin PBXFileReference section */
		3226566820D474B3003F79E2 /* CoreGraphics.framework */ = {isa = PBXFileReference; lastKnownFileType = wrapper.framework; name = CoreGraphics.framework; path = System/Library/Frameworks/CoreGraphics.framework; sourceTree = SDKROOT; };
		326BD415210B56AC001902BF /* RendererHelper.h */ = {isa = PBXFileReference; lastKnownFileType = sourcecode.c.h; path = RendererHelper.h; sourceTree = "<group>"; };
		326BD416210B56AC001902BF /* MetalRendererHelper.mm */ = {isa = PBXFileReference; lastKnownFileType = sourcecode.cpp.objcpp; path = MetalRendererHelper.mm; sourceTree = "<group>"; };
		326BD418210B647E001902BF /* CommonShaders.metal */ = {isa = PBXFileReference; lastKnownFileType = sourcecode.metal; path = CommonShaders.metal; sourceTree = "<group>"; };
		326BD41A210B649B001902BF /* CommonShaderTypes.h */ = {isa = PBXFileReference; lastKnownFileType = sourcecode.c.h; path = CommonShaderTypes.h; sourceTree = "<group>"; };
		326BD41B210E7592001902BF /* CommonData.h */ = {isa = PBXFileReference; lastKnownFileType = sourcecode.c.h; path = CommonData.h; sourceTree = "<group>"; };
		326BD41C210E760E001902BF /* CommonData.cpp */ = {isa = PBXFileReference; lastKnownFileType = sourcecode.cpp.cpp; path = CommonData.cpp; sourceTree = "<group>"; };
		326BD41E21112BE3001902BF /* imgui_impl_metal.mm */ = {isa = PBXFileReference; fileEncoding = 4; lastKnownFileType = sourcecode.cpp.objcpp; path = imgui_impl_metal.mm; sourceTree = "<group>"; };
		326BD41F21112BE3001902BF /* imgui_impl_metal.h */ = {isa = PBXFileReference; fileEncoding = 4; lastKnownFileType = sourcecode.c.h; path = imgui_impl_metal.h; sourceTree = "<group>"; };
		326BD42121134677001902BF /* GLRenderHelper.cpp */ = {isa = PBXFileReference; lastKnownFileType = sourcecode.cpp.cpp; path = GLRenderHelper.cpp; sourceTree = "<group>"; };
		3274CA0521067B540069A49B /* libSDL2.a */ = {isa = PBXFileReference; lastKnownFileType = archive.ar; name = libSDL2.a; path = mac/libSDL2.a; sourceTree = "<group>"; };
		327A108B210674B10082E63E /* encodedNormals.h */ = {isa = PBXFileReference; lastKnownFileType = sourcecode.c.h; path = encodedNormals.h; sourceTree = "<group>"; };
		328C1D2A20F960E7003A480D /* libboost_filesystem-mt.dylib */ = {isa = PBXFileReference; lastKnownFileType = "compiled.mach-o.dylib"; name = "libboost_filesystem-mt.dylib"; path = "../../../usr/local/Cellar/boost/1.67.0_1/lib/libboost_filesystem-mt.dylib"; sourceTree = "<group>"; };
		328C1D2C20F96113003A480D /* libboost_system-mt.dylib */ = {isa = PBXFileReference; lastKnownFileType = "compiled.mach-o.dylib"; name = "libboost_system-mt.dylib"; path = "../../../usr/local/Cellar/boost/1.67.0_1/lib/libboost_system-mt.dylib"; sourceTree = "<group>"; };
		329FE13D20CC9A89000BD9BA /* TribesViewer.app */ = {isa = PBXFileReference; explicitFileType = wrapper.application; includeInIndex = 0; path = TribesViewer.app; sourceTree = BUILT_PRODUCTS_DIR; };
		329FE14020CC9A89000BD9BA /* AppDelegate.h */ = {isa = PBXFileReference; lastKnownFileType = sourcecode.c.h; path = AppDelegate.h; sourceTree = "<group>"; };
		329FE14120CC9A89000BD9BA /* AppDelegate.mm */ = {isa = PBXFileReference; lastKnownFileType = sourcecode.cpp.objcpp; path = AppDelegate.mm; sourceTree = "<group>"; };
		329FE14320CC9A8B000BD9BA /* Assets.xcassets */ = {isa = PBXFileReference; lastKnownFileType = folder.assetcatalog; path = Assets.xcassets; sourceTree = "<group>"; };
		329FE14620CC9A8B000BD9BA /* Base */ = {isa = PBXFileReference; lastKnownFileType = file.xib; name = Base; path = Base.lproj/MainMenu.xib; sourceTree = "<group>"; };
		329FE14820CC9A8B000BD9BA /* Info.plist */ = {isa = PBXFileReference; lastKnownFileType = text.plist.xml; path = Info.plist; sourceTree = "<group>"; };
		329FE14920CC9A8B000BD9BA /* main.cpp */ = {isa = PBXFileReference; lastKnownFileType = sourcecode.cpp.cpp; path = main.cpp; sourceTree = "<group>"; };
		329FE14B20CC9A8B000BD9BA /* TribesViewer.entitlements */ = {isa = PBXFileReference; lastKnownFileType = text.plist.entitlements; path = TribesViewer.entitlements; sourceTree = "<group>"; };
		329FE15420CC9C41000BD9BA /* CoreAudio.framework */ = {isa = PBXFileReference; lastKnownFileType = wrapper.framework; name = CoreAudio.framework; path = System/Library/Frameworks/CoreAudio.framework; sourceTree = SDKROOT; };
		329FE15620CC9C47000BD9BA /* OpenGL.framework */ = {isa = PBXFileReference; lastKnownFileType = wrapper.framework; name = OpenGL.framework; path = System/Library/Frameworks/OpenGL.framework; sourceTree = SDKROOT; };
		329FE15820CC9C78000BD9BA /* GameController.framework */ = {isa = PBXFileReference; lastKnownFileType = wrapper.framework; name = GameController.framework; path = System/Library/Frameworks/GameController.framework; sourceTree = SDKROOT; };
		329FE15A20CC9C90000BD9BA /* QuartzCore.framework */ = {isa = PBXFileReference; lastKnownFileType = wrapper.framework; name = QuartzCore.framework; path = System/Library/Frameworks/QuartzCore.framework; sourceTree = SDKROOT; };
		329FE15C20CC9C95000BD9BA /* Metal.framework */ = {isa = PBXFileReference; lastKnownFileType = wrapper.framework; name = Metal.framework; path = System/Library/Frameworks/Metal.framework; sourceTree = SDKROOT; };
		329FE15E20CC9C9D000BD9BA /* Carbon.framework */ = {isa = PBXFileReference; lastKnownFileType = wrapper.framework; name = Carbon.framework; path = System/Library/Frameworks/Carbon.framework; sourceTree = SDKROOT; };
		329FE16020CC9CA6000BD9BA /* ForceFeedback.framework */ = {isa = PBXFileReference; lastKnownFileType = wrapper.framework; name = ForceFeedback.framework; path = System/Library/Frameworks/ForceFeedback.framework; sourceTree = SDKROOT; };
		329FE16220CC9CB9000BD9BA /* AudioToolbox.framework */ = {isa = PBXFileReference; lastKnownFileType = wrapper.framework; name = AudioToolbox.framework; path = System/Library/Frameworks/AudioToolbox.framework; sourceTree = SDKROOT; };
		32BF6D7420F9060800B337B0 /* stb_rect_pack.h */ = {isa = PBXFileReference; fileEncoding = 4; lastKnownFileType = sourcecode.c.h; name = stb_rect_pack.h; path = imgui/stb_rect_pack.h; sourceTree = SOURCE_ROOT; };
		32BF6D7520F9060800B337B0 /* imgui_impl_sdl.cpp */ = {isa = PBXFileReference; fileEncoding = 4; lastKnownFileType = sourcecode.cpp.cpp; name = imgui_impl_sdl.cpp; path = imgui/imgui_impl_sdl.cpp; sourceTree = SOURCE_ROOT; };
		32BF6D7620F9060800B337B0 /* imgui_impl_sdl.h */ = {isa = PBXFileReference; fileEncoding = 4; lastKnownFileType = sourcecode.c.h; name = imgui_impl_sdl.h; path = imgui/imgui_impl_sdl.h; sourceTree = SOURCE_ROOT; };
		32BF6D7720F9060800B337B0 /* imgui_internal.h */ = {isa = PBXFileReference; fileEncoding = 4; lastKnownFileType = sourcecode.c.h; name = imgui_internal.h; path = imgui/imgui_internal.h; sourceTree = SOURCE_ROOT; };
		32BF6D7820F9060800B337B0 /* stb_textedit.h */ = {isa = PBXFileReference; fileEncoding = 4; lastKnownFileType = sourcecode.c.h; name = stb_textedit.h; path = imgui/stb_textedit.h; sourceTree = SOURCE_ROOT; };
		32BF6D7920F9060800B337B0 /* imconfig.h */ = {isa = PBXFileReference; fileEncoding = 4; lastKnownFileType = sourcecode.c.h; name = imconfig.h; path = imgui/imconfig.h; sourceTree = SOURCE_ROOT; };
		32BF6D7A20F9060800B337B0 /* stb_truetype.h */ = {isa = PBXFileReference; fileEncoding = 4; lastKnownFileType = sourcecode.c.h; name = stb_truetype.h; path = imgui/stb_truetype.h; sourceTree = SOURCE_ROOT; };
		32BF6D7B20F9060800B337B0 /* imgui.h */ = {isa = PBXFileReference; fileEncoding = 4; lastKnownFileType = sourcecode.c.h; name = imgui.h; path = imgui/imgui.h; sourceTree = SOURCE_ROOT; };
		32BF6D7C20F9060800B337B0 /* imgui_draw.cpp */ = {isa = PBXFileReference; fileEncoding = 4; lastKnownFileType = sourcecode.cpp.cpp; name = imgui_draw.cpp; path = imgui/imgui_draw.cpp; sourceTree = SOURCE_ROOT; };
		32BF6D7D20F9060800B337B0 /* imgui.cpp */ = {isa = PBXFileReference; fileEncoding = 4; lastKnownFileType = sourcecode.cpp.cpp; name = imgui.cpp; path = imgui/imgui.cpp; sourceTree = SOURCE_ROOT; };
		32BF6D8120F9075B00B337B0 /* imgui_impl_opengl3.cpp */ = {isa = PBXFileReference; fileEncoding = 4; lastKnownFileType = sourcecode.cpp.cpp; name = imgui_impl_opengl3.cpp; path = imgui/imgui_impl_opengl3.cpp; sourceTree = SOURCE_ROOT; };
		32BF6D8220F9075C00B337B0 /* imgui_impl_opengl3.h */ = {isa = PBXFileReference; fileEncoding = 4; lastKnownFileType = sourcecode.c.h; name = imgui_impl_opengl3.h; path = imgui/imgui_impl_opengl3.h; sourceTree = SOURCE_ROOT; };
		32C7820A20D5473800FB6496 /* IOKit.framework */ = {isa = PBXFileReference; lastKnownFileType = wrapper.framework; name = IOKit.framework; path = System/Library/Frameworks/IOKit.framework; sourceTree = SDKROOT; };
		32C7820C20D5474900FB6496 /* Cocoa.framework */ = {isa = PBXFileReference; lastKnownFileType = wrapper.framework; name = Cocoa.framework; path = System/Library/Frameworks/Cocoa.framework; sourceTree = SDKROOT; };
		32C7820E20D548C500FB6496 /* float_util.cpp */ = {isa = PBXFileReference; fileEncoding = 4; lastKnownFileType = sourcecode.cpp.cpp; name = float_util.cpp; path = slm/float_util.cpp; sourceTree = SOURCE_ROOT; };
		32C7820F20D548C500FB6496 /* vec4.cpp */ = {isa = PBXFileReference; fileEncoding = 4; lastKnownFileType = sourcecode.cpp.cpp; name = vec4.cpp; path = slm/vec4.cpp; sourceTree = SOURCE_ROOT; };
		32C7821020D548C500FB6496 /* mat4.cpp */ = {isa = PBXFileReference; fileEncoding = 4; lastKnownFileType = sourcecode.cpp.cpp; name = mat4.cpp; path = slm/mat4.cpp; sourceTree = SOURCE_ROOT; };
		32C7821120D548C500FB6496 /* vec3.cpp */ = {isa = PBXFileReference; fileEncoding = 4; lastKnownFileType = sourcecode.cpp.cpp; name = vec3.cpp; path = slm/vec3.cpp; sourceTree = SOURCE_ROOT; };
		32C7821220D548C500FB6496 /* vec2.cpp */ = {isa = PBXFileReference; fileEncoding = 4; lastKnownFileType = sourcecode.cpp.cpp; name = vec2.cpp; path = slm/vec2.cpp; sourceTree = SOURCE_ROOT; };
		32C7821320D548C500FB6496 /* intersect_util.cpp */ = {isa = PBXFileReference; fileEncoding = 4; lastKnownFileType = sourcecode.cpp.cpp; name = intersect_util.cpp; path = slm/intersect_util.cpp; sourceTree = SOURCE_ROOT; };
		32C7821420D548C500FB6496 /* quat.cpp */ = {isa = PBXFileReference; fileEncoding = 4; lastKnownFileType = sourcecode.cpp.cpp; name = quat.cpp; path = slm/quat.cpp; sourceTree = SOURCE_ROOT; };
		32C7821520D548C500FB6496 /* runtime_checks.cpp */ = {isa = PBXFileReference; fileEncoding = 4; lastKnownFileType = sourcecode.cpp.cpp; name = runtime_checks.cpp; path = slm/runtime_checks.cpp; sourceTree = SOURCE_ROOT; };
		32C7821E20D548CC00FB6496 /* gl3w.c */ = {isa = PBXFileReference; fileEncoding = 4; lastKnownFileType = sourcecode.c.c; path = gl3w.c; sourceTree = "<group>"; };
/* End PBXFileReference section */

/* Begin PBXFrameworksBuildPhase section */
		329FE13A20CC9A89000BD9BA /* Frameworks */ = {
			isa = PBXFrameworksBuildPhase;
			buildActionMask = 2147483647;
			files = (
				3274CA0621067B540069A49B /* libSDL2.a in Frameworks */,
				328C1D2D20F96113003A480D /* libboost_system-mt.dylib in Frameworks */,
				328C1D2B20F960E8003A480D /* libboost_filesystem-mt.dylib in Frameworks */,
				32C7820D20D5474900FB6496 /* Cocoa.framework in Frameworks */,
				32C7820B20D5473800FB6496 /* IOKit.framework in Frameworks */,
				3226566920D474B3003F79E2 /* CoreGraphics.framework in Frameworks */,
				329FE16420CC9CD5000BD9BA /* Carbon.framework in Frameworks */,
				329FE16320CC9CB9000BD9BA /* AudioToolbox.framework in Frameworks */,
				329FE16120CC9CA6000BD9BA /* ForceFeedback.framework in Frameworks */,
				329FE15D20CC9C95000BD9BA /* Metal.framework in Frameworks */,
				329FE15B20CC9C90000BD9BA /* QuartzCore.framework in Frameworks */,
				329FE15720CC9C47000BD9BA /* OpenGL.framework in Frameworks */,
				329FE15520CC9C41000BD9BA /* CoreAudio.framework in Frameworks */,
			);
			runOnlyForDeploymentPostprocessing = 0;
		};
/* End PBXFrameworksBuildPhase section */

/* Begin PBXGroup section */
		3274CA0221067A670069A49B /* slm */ = {
			isa = PBXGroup;
			children = (
				32C7820E20D548C500FB6496 /* float_util.cpp */,
				32C7821320D548C500FB6496 /* intersect_util.cpp */,
				32C7821020D548C500FB6496 /* mat4.cpp */,
				32C7821420D548C500FB6496 /* quat.cpp */,
				32C7821520D548C500FB6496 /* runtime_checks.cpp */,
				32C7821220D548C500FB6496 /* vec2.cpp */,
				32C7821120D548C500FB6496 /* vec3.cpp */,
				32C7820F20D548C500FB6496 /* vec4.cpp */,
			);
			path = slm;
			sourceTree = "<group>";
		};
		3274CA0421067A870069A49B /* imgui */ = {
			isa = PBXGroup;
			children = (
				326BD41F21112BE3001902BF /* imgui_impl_metal.h */,
				326BD41E21112BE3001902BF /* imgui_impl_metal.mm */,
				32BF6D8120F9075B00B337B0 /* imgui_impl_opengl3.cpp */,
				32BF6D8220F9075C00B337B0 /* imgui_impl_opengl3.h */,
				32BF6D7920F9060800B337B0 /* imconfig.h */,
				32BF6D7C20F9060800B337B0 /* imgui_draw.cpp */,
				32BF6D7520F9060800B337B0 /* imgui_impl_sdl.cpp */,
				32BF6D7620F9060800B337B0 /* imgui_impl_sdl.h */,
				32BF6D7720F9060800B337B0 /* imgui_internal.h */,
				32BF6D7D20F9060800B337B0 /* imgui.cpp */,
				32BF6D7B20F9060800B337B0 /* imgui.h */,
				32BF6D7420F9060800B337B0 /* stb_rect_pack.h */,
				32BF6D7820F9060800B337B0 /* stb_textedit.h */,
				32BF6D7A20F9060800B337B0 /* stb_truetype.h */,
			);
			path = imgui;
			sourceTree = "<group>";
		};
		329FE13420CC9A89000BD9BA = {
			isa = PBXGroup;
			children = (
				3274CA0421067A870069A49B /* imgui */,
				3274CA0221067A670069A49B /* slm */,
				329FE13F20CC9A89000BD9BA /* TribesViewer */,
				329FE13E20CC9A89000BD9BA /* Products */,
				329FE15320CC9C40000BD9BA /* Frameworks */,
			);
			sourceTree = "<group>";
		};
		329FE13E20CC9A89000BD9BA /* Products */ = {
			isa = PBXGroup;
			children = (
				329FE13D20CC9A89000BD9BA /* TribesViewer.app */,
			);
			name = Products;
			sourceTree = "<group>";
		};
		329FE13F20CC9A89000BD9BA /* TribesViewer */ = {
			isa = PBXGroup;
			children = (
				32C7821E20D548CC00FB6496 /* gl3w.c */,
				329FE14020CC9A89000BD9BA /* AppDelegate.h */,
				329FE14120CC9A89000BD9BA /* AppDelegate.mm */,
				329FE14320CC9A8B000BD9BA /* Assets.xcassets */,
				329FE14520CC9A8B000BD9BA /* MainMenu.xib */,
				329FE14820CC9A8B000BD9BA /* Info.plist */,
				329FE14920CC9A8B000BD9BA /* main.cpp */,
				329FE14B20CC9A8B000BD9BA /* TribesViewer.entitlements */,
				327A108B210674B10082E63E /* encodedNormals.h */,
				326BD415210B56AC001902BF /* RendererHelper.h */,
				326BD42121134677001902BF /* GLRenderHelper.cpp */,
				326BD416210B56AC001902BF /* MetalRendererHelper.mm */,
				326BD418210B647E001902BF /* CommonShaders.metal */,
				326BD41A210B649B001902BF /* CommonShaderTypes.h */,
				326BD41B210E7592001902BF /* CommonData.h */,
				326BD41C210E760E001902BF /* CommonData.cpp */,
			);
			path = TribesViewer;
			sourceTree = "<group>";
		};
		329FE15320CC9C40000BD9BA /* Frameworks */ = {
			isa = PBXGroup;
			children = (
				3274CA0521067B540069A49B /* libSDL2.a */,
				328C1D2C20F96113003A480D /* libboost_system-mt.dylib */,
				328C1D2A20F960E7003A480D /* libboost_filesystem-mt.dylib */,
				32C7820C20D5474900FB6496 /* Cocoa.framework */,
				32C7820A20D5473800FB6496 /* IOKit.framework */,
				3226566820D474B3003F79E2 /* CoreGraphics.framework */,
				329FE16220CC9CB9000BD9BA /* AudioToolbox.framework */,
				329FE16020CC9CA6000BD9BA /* ForceFeedback.framework */,
				329FE15E20CC9C9D000BD9BA /* Carbon.framework */,
				329FE15C20CC9C95000BD9BA /* Metal.framework */,
				329FE15A20CC9C90000BD9BA /* QuartzCore.framework */,
				329FE15820CC9C78000BD9BA /* GameController.framework */,
				329FE15620CC9C47000BD9BA /* OpenGL.framework */,
				329FE15420CC9C41000BD9BA /* CoreAudio.framework */,
			);
			name = Frameworks;
			sourceTree = "<group>";
		};
/* End PBXGroup section */

/* Begin PBXNativeTarget section */
		329FE13C20CC9A89000BD9BA /* TribesViewer */ = {
			isa = PBXNativeTarget;
			buildConfigurationList = 329FE14E20CC9A8B000BD9BA /* Build configuration list for PBXNativeTarget "TribesViewer" */;
			buildPhases = (
				329FE13920CC9A89000BD9BA /* Sources */,
				329FE13A20CC9A89000BD9BA /* Frameworks */,
				329FE13B20CC9A89000BD9BA /* Resources */,
			);
			buildRules = (
			);
			dependencies = (
			);
			name = TribesViewer;
			productName = TribesViewer;
			productReference = 329FE13D20CC9A89000BD9BA /* TribesViewer.app */;
			productType = "com.apple.product-type.application";
		};
/* End PBXNativeTarget section */

/* Begin PBXProject section */
		329FE13520CC9A89000BD9BA /* Project object */ = {
			isa = PBXProject;
			attributes = {
				LastUpgradeCheck = 0930;
				ORGANIZATIONNAME = "James Urquhart";
				TargetAttributes = {
					329FE13C20CC9A89000BD9BA = {
						CreatedOnToolsVersion = 9.3;
					};
				};
			};
			buildConfigurationList = 329FE13820CC9A89000BD9BA /* Build configuration list for PBXProject "TribesViewer" */;
			compatibilityVersion = "Xcode 9.3";
			developmentRegion = en;
			hasScannedForEncodings = 0;
			knownRegions = (
				en,
				Base,
			);
			mainGroup = 329FE13420CC9A89000BD9BA;
			productRefGroup = 329FE13E20CC9A89000BD9BA /* Products */;
			projectDirPath = "";
			projectRoot = "";
			targets = (
				329FE13C20CC9A89000BD9BA /* TribesViewer */,
			);
		};
/* End PBXProject section */

/* Begin PBXResourcesBuildPhase section */
		329FE13B20CC9A89000BD9BA /* Resources */ = {
			isa = PBXResourcesBuildPhase;
			buildActionMask = 2147483647;
			files = (
				329FE14420CC9A8B000BD9BA /* Assets.xcassets in Resources */,
				329FE14720CC9A8B000BD9BA /* MainMenu.xib in Resources */,
			);
			runOnlyForDeploymentPostprocessing = 0;
		};
/* End PBXResourcesBuildPhase section */

/* Begin PBXSourcesBuildPhase section */
		329FE13920CC9A89000BD9BA /* Sources */ = {
			isa = PBXSourcesBuildPhase;
			buildActionMask = 2147483647;
			files = (
				32BF6D7F20F9060800B337B0 /* imgui_draw.cpp in Sources */,
				329FE14A20CC9A8B000BD9BA /* main.cpp in Sources */,
				32C7821B20D548C500FB6496 /* intersect_util.cpp in Sources */,
				32C7821C20D548C500FB6496 /* quat.cpp in Sources */,
				32C7821A20D548C500FB6496 /* vec2.cpp in Sources */,
				32BF6D8020F9060800B337B0 /* imgui.cpp in Sources */,
				326BD41D210E760E001902BF /* CommonData.cpp in Sources */,
				32C7821F20D548CC00FB6496 /* gl3w.c in Sources */,
				32BF6D8320F9075C00B337B0 /* imgui_impl_opengl3.cpp in Sources */,
				32BF6D7E20F9060800B337B0 /* imgui_impl_sdl.cpp in Sources */,
				326BD42021112BE3001902BF /* imgui_impl_metal.mm in Sources */,
				32C7821620D548C500FB6496 /* float_util.cpp in Sources */,
				326BD417210B56AC001902BF /* MetalRendererHelper.mm in Sources */,
				32C7821920D548C500FB6496 /* vec3.cpp in Sources */,
				329FE14220CC9A89000BD9BA /* AppDelegate.mm in Sources */,
				32C7821820D548C500FB6496 /* mat4.cpp in Sources */,
				32C7821720D548C500FB6496 /* vec4.cpp in Sources */,
				32C7821D20D548C500FB6496 /* runtime_checks.cpp in Sources */,
				326BD42321134677001902BF /* GLRenderHelper.cpp in Sources */,
				326BD419210B647E001902BF /* CommonShaders.metal in Sources */,
			);
			runOnlyForDeploymentPostprocessing = 0;
		};
/* End PBXSourcesBuildPhase section */

/* Begin PBXVariantGroup section */
		329FE14520CC9A8B000BD9BA /* MainMenu.xib */ = {
			isa = PBXVariantGroup;
			children = (
				329FE14620CC9A8B000BD9BA /* Base */,
			);
			name = MainMenu.xib;
			sourceTree = "<group>";
		};
/* End PBXVariantGroup section */

/* Begin XCBuildConfiguration section */
		329FE14C20CC9A8B000BD9BA /* Debug */ = {
			isa = XCBuildConfiguration;
			buildSettings = {
				ALWAYS_SEARCH_USER_PATHS = NO;
				CLANG_ANALYZER_NONNULL = YES;
				CLANG_ANALYZER_NUMBER_OBJECT_CONVERSION = YES_AGGRESSIVE;
				CLANG_CXX_LANGUAGE_STANDARD = "c++17";
				CLANG_CXX_LIBRARY = "libc++";
				CLANG_ENABLE_MODULES = YES;
				CLANG_ENABLE_OBJC_ARC = YES;
				CLANG_ENABLE_OBJC_WEAK = YES;
				CLANG_WARN_BLOCK_CAPTURE_AUTORELEASING = YES;
				CLANG_WARN_BOOL_CONVERSION = YES;
				CLANG_WARN_COMMA = YES;
				CLANG_WARN_CONSTANT_CONVERSION = YES;
				CLANG_WARN_DEPRECATED_OBJC_IMPLEMENTATIONS = YES;
				CLANG_WARN_DIRECT_OBJC_ISA_USAGE = YES_ERROR;
				CLANG_WARN_DOCUMENTATION_COMMENTS = YES;
				CLANG_WARN_EMPTY_BODY = YES;
				CLANG_WARN_ENUM_CONVERSION = YES;
				CLANG_WARN_INFINITE_RECURSION = YES;
				CLANG_WARN_INT_CONVERSION = YES;
				CLANG_WARN_NON_LITERAL_NULL_CONVERSION = YES;
				CLANG_WARN_OBJC_IMPLICIT_RETAIN_SELF = YES;
				CLANG_WARN_OBJC_LITERAL_CONVERSION = YES;
				CLANG_WARN_OBJC_ROOT_CLASS = YES_ERROR;
				CLANG_WARN_RANGE_LOOP_ANALYSIS = YES;
				CLANG_WARN_STRICT_PROTOTYPES = YES;
				CLANG_WARN_SUSPICIOUS_MOVE = YES;
				CLANG_WARN_UNGUARDED_AVAILABILITY = YES_AGGRESSIVE;
				CLANG_WARN_UNREACHABLE_CODE = YES;
				CLANG_WARN__DUPLICATE_METHOD_MATCH = YES;
				CODE_SIGN_IDENTITY = "-";
				COPY_PHASE_STRIP = NO;
				DEBUG_INFORMATION_FORMAT = dwarf;
				ENABLE_STRICT_OBJC_MSGSEND = YES;
				ENABLE_TESTABILITY = YES;
				GCC_C_LANGUAGE_STANDARD = gnu11;
				GCC_DYNAMIC_NO_PIC = NO;
				GCC_NO_COMMON_BLOCKS = YES;
				GCC_OPTIMIZATION_LEVEL = 0;
				GCC_PREPROCESSOR_DEFINITIONS = (
					"DEBUG=1",
					"$(inherited)",
				);
				GCC_WARN_64_TO_32_BIT_CONVERSION = YES;
				GCC_WARN_ABOUT_RETURN_TYPE = YES_ERROR;
				GCC_WARN_UNDECLARED_SELECTOR = YES;
				GCC_WARN_UNINITIALIZED_AUTOS = YES_AGGRESSIVE;
				GCC_WARN_UNUSED_FUNCTION = YES;
				GCC_WARN_UNUSED_VARIABLE = YES;
				MACOSX_DEPLOYMENT_TARGET = 10.13;
				MTL_ENABLE_DEBUG_INFO = YES;
				ONLY_ACTIVE_ARCH = YES;
				SDKROOT = macosx;
			};
			name = Debug;
		};
		329FE14D20CC9A8B000BD9BA /* Release */ = {
			isa = XCBuildConfiguration;
			buildSettings = {
				ALWAYS_SEARCH_USER_PATHS = NO;
				CLANG_ANALYZER_NONNULL = YES;
				CLANG_ANALYZER_NUMBER_OBJECT_CONVERSION = YES_AGGRESSIVE;
				CLANG_CXX_LANGUAGE_STANDARD = "c++17";
				CLANG_CXX_LIBRARY = "libc++";
				CLANG_ENABLE_MODULES = YES;
				CLANG_ENABLE_OBJC_ARC = YES;
				CLANG_ENABLE_OBJC_WEAK = YES;
				CLANG_WARN_BLOCK_CAPTURE_AUTORELEASING = YES;
				CLANG_WARN_BOOL_CONVERSION = YES;
				CLANG_WARN_COMMA = YES;
				CLANG_WARN_CONSTANT_CONVERSION = YES;
				CLANG_WARN_DEPRECATED_OBJC_IMPLEMENTATIONS = YES;
				CLANG_WARN_DIRECT_OBJC_ISA_USAGE = YES_ERROR;
				CLANG_WARN_DOCUMENTATION_COMMENTS = YES;
				CLANG_WARN_EMPTY_BODY = YES;
				CLANG_WARN_ENUM_CONVERSION = YES;
				CLANG_WARN_INFINITE_RECURSION = YES;
				CLANG_WARN_INT_CONVERSION = YES;
				CLANG_WARN_NON_LITERAL_NULL_CONVERSION = YES;
				CLANG_WARN_OBJC_IMPLICIT_RETAIN_SELF = YES;
				CLANG_WARN_OBJC_LITERAL_CONVERSION = YES;
				CLANG_WARN_OBJC_ROOT_CLASS = YES_ERROR;
				CLANG_WARN_RANGE_LOOP_ANALYSIS = YES;
				CLANG_WARN_STRICT_PROTOTYPES = YES;
				CLANG_WARN_SUSPICIOUS_MOVE = YES;
				CLANG_WARN_UNGUARDED_AVAILABILITY = YES_AGGRESSIVE;
				CLANG_WARN_UNREACHABLE_CODE = YES;
				CLANG_WARN__DUPLICATE_METHOD_MATCH = YES;
				CODE_SIGN_IDENTITY = "-";
				COPY_PHASE_STRIP = NO;
				DEBUG_INFORMATION_FORMAT = "dwarf-with-dsym";
				ENABLE_NS_ASSERTIONS = NO;
				ENABLE_STRICT_OBJC_MSGSEND = YES;
				GCC_C_LANGUAGE_STANDARD = gnu11;
				GCC_NO_COMMON_BLOCKS = YES;
				GCC_WARN_64_TO_32_BIT_CONVERSION = YES;
				GCC_WARN_ABOUT_RETURN_TYPE = YES_ERROR;
				GCC_WARN_UNDECLARED_SELECTOR = YES;
				GCC_WARN_UNINITIALIZED_AUTOS = YES_AGGRESSIVE;
				GCC_WARN_UNUSED_FUNCTION = YES;
				GCC_WARN_UNUSED_VARIABLE = YES;
				MACOSX_DEPLOYMENT_TARGET = 10.13;
				MTL_ENABLE_DEBUG_INFO = NO;
				SDKROOT = macosx;
			};
			name = Release;
		};
		329FE14F20CC9A8B000BD9BA /* Debug */ = {
			isa = XCBuildConfiguration;
			buildSettings = {
				ASSETCATALOG_COMPILER_APPICON_NAME = AppIcon;
				CLANG_CXX_LANGUAGE_STANDARD = "c++17";
				CLANG_CXX_LIBRARY = "libc++";
				CLANG_ENABLE_MODULES = YES;
				CODE_SIGN_ENTITLEMENTS = TribesViewer/TribesViewer.entitlements;
				CODE_SIGN_STYLE = Automatic;
				COMBINE_HIDPI_IMAGES = YES;
				"GCC_PREPROCESSOR_DEFINITIONS[arch=*]" = (
					"DEBUG=1",
					"$(inherited)",
					"USE_OPENGL=1",
				);
				HEADER_SEARCH_PATHS = (
					include,
					mac/include,
					/usr/local/include,
				);
				INFOPLIST_FILE = TribesViewer/Info.plist;
				LD_RUNPATH_SEARCH_PATHS = (
					"$(inherited)",
					"@executable_path/../Frameworks",
				);
				LIBRARY_SEARCH_PATHS = (
					"$(inherited)",
					"$(PROJECT_DIR)",
					/usr/local/Cellar/boost/1.67.0_1/lib,
					"$(PROJECT_DIR)/mac",
				);
				PRODUCT_BUNDLE_IDENTIFIER = "com.mango.DTS-Test";
				PRODUCT_NAME = "$(TARGET_NAME)";
			};
			name = Debug;
		};
		329FE15020CC9A8B000BD9BA /* Release */ = {
			isa = XCBuildConfiguration;
			buildSettings = {
				ASSETCATALOG_COMPILER_APPICON_NAME = AppIcon;
				CLANG_CXX_LANGUAGE_STANDARD = "c++17";
				CLANG_CXX_LIBRARY = "libc++";
				CLANG_ENABLE_MODULES = YES;
				CODE_SIGN_ENTITLEMENTS = TribesViewer/TribesViewer.entitlements;
				CODE_SIGN_STYLE = Automatic;
				COMBINE_HIDPI_IMAGES = YES;
				HEADER_SEARCH_PATHS = (
					include,
					mac/include,
					/usr/local/include,
				);
				INFOPLIST_FILE = TribesViewer/Info.plist;
				LD_RUNPATH_SEARCH_PATHS = (
					"$(inherited)",
					"@executable_path/../Frameworks",
				);
				LIBRARY_SEARCH_PATHS = (
					"$(inherited)",
					"$(PROJECT_DIR)",
					/usr/local/Cellar/boost/1.67.0_1/lib,
					"$(PROJECT_DIR)/mac",
				);
				PRODUCT_BUNDLE_IDENTIFIER = "com.mango.DTS-Test";
				PRODUCT_NAME = "$(TARGET_NAME)";
			};
			name = Release;
		};
/* End XCBuildConfiguration section */

/* Begin XCConfigurationList section */
		329FE13820CC9A89000BD9BA /* Build configuration list for PBXProject "TribesViewer" */ = {
			isa = XCConfigurationList;
			buildConfigurations = (
				329FE14C20CC9A8B000BD9BA /* Debug */,
				329FE14D20CC9A8B000BD9BA /* Release */,
			);
			defaultConfigurationIsVisible = 0;
			defaultConfigurationName = Release;
		};
		329FE14E20CC9A8B000BD9BA /* Build configuration list for PBXNativeTarget "TribesViewer" */ = {
			isa = XCConfigurationList;
			buildConfigurations = (
				329FE14F20CC9A8B000BD9BA /* Debug */,
				329FE15020CC9A8B000BD9BA /* Release */,
			);
			defaultConfigurationIsVisible = 0;
			defaultConfigurationName = Release;
		};
/* End XCConfigurationList section */
	};
	rootObject = 329FE13520CC9A89000BD9BA /* Project object */;
}
